{
    "name": "frontend",
    "version": "1.0.0",
    "lockfileVersion": 2,
    "requires": true,
    "dependencies": {
        "react": {
            "version": "18.0.0",
            "resolved": "https://registry.npmjs.org/react/-/react-18.0.0.tgz",
            "integrity": "sha512-/dummyhash123",
            "requires": {}
        },
        "react-dom": {
            "version": "18.0.0",
            "resolved": "https://registry.npmjs.org/react-dom/-/react-dom-18.0.0.tgz",
            "integrity": "sha512-/dummyhash456",
            "requires": {}
        },
        "react-scripts": {
            "version": "5.0.0",
            "resolved": "https://registry.npmjs.org/react-scripts/-/react-scripts-5.0.0.tgz",
            "integrity": "sha512-/dummyhash789",
            "requires": {}
        }
    }
}

